// !$*UTF8*$!
{
	archiveVersion = 1;
	classes = {
	};
	objectVersion = 55;
	objects = {

/* Begin PBXBuildFile section */
		2A69B6B127C886EC0011E829 /* CalendarModel.swift in Sources */ = {isa = PBXBuildFile; fileRef = 2A69B6B027C886EC0011E829 /* CalendarModel.swift */; };
		2A69B6B927CC5FBB0011E829 /* gantt_test_Tests.swift in Sources */ = {isa = PBXBuildFile; fileRef = 2A69B6B827CC5FBB0011E829 /* gantt_test_Tests.swift */; };
		2A69B6C027CC822C0011E829 /* GanttChartConfiguration.swift in Sources */ = {isa = PBXBuildFile; fileRef = 2A69B6BF27CC822C0011E829 /* GanttChartConfiguration.swift */; };
		2A69B6C127CC822C0011E829 /* GanttChartConfiguration.swift in Sources */ = {isa = PBXBuildFile; fileRef = 2A69B6BF27CC822C0011E829 /* GanttChartConfiguration.swift */; };
		2A69B6C327CCA2580011E829 /* GanttCollectionViewLayout.swift in Sources */ = {isa = PBXBuildFile; fileRef = 2A69B6C227CCA2580011E829 /* GanttCollectionViewLayout.swift */; };
		2A69B6C427CCA2580011E829 /* GanttCollectionViewLayout.swift in Sources */ = {isa = PBXBuildFile; fileRef = 2A69B6C227CCA2580011E829 /* GanttCollectionViewLayout.swift */; };
		2A69B6C527CCB1C40011E829 /* CalendarModel.swift in Sources */ = {isa = PBXBuildFile; fileRef = 2A69B6B027C886EC0011E829 /* CalendarModel.swift */; };
		2A69B6C727CCF3760011E829 /* GanttCollectionViewController.swift in Sources */ = {isa = PBXBuildFile; fileRef = 2A69B6C627CCF3760011E829 /* GanttCollectionViewController.swift */; };
		2A69B6C827CCF3760011E829 /* GanttCollectionViewController.swift in Sources */ = {isa = PBXBuildFile; fileRef = 2A69B6C627CCF3760011E829 /* GanttCollectionViewController.swift */; };
		2A69B6CB27CD0A620011E829 /* FixedHeaderCellConfiguration.swift in Sources */ = {isa = PBXBuildFile; fileRef = 2A69B6CA27CD0A620011E829 /* FixedHeaderCellConfiguration.swift */; };
		2A69B6CC27CD0A620011E829 /* FixedHeaderCellConfiguration.swift in Sources */ = {isa = PBXBuildFile; fileRef = 2A69B6CA27CD0A620011E829 /* FixedHeaderCellConfiguration.swift */; };
		2A69B6CE27CDC3B70011E829 /* BgCellConfiguration.swift in Sources */ = {isa = PBXBuildFile; fileRef = 2A69B6CD27CDC3B70011E829 /* BgCellConfiguration.swift */; };
		2A69B6CF27CDC3B70011E829 /* BgCellConfiguration.swift in Sources */ = {isa = PBXBuildFile; fileRef = 2A69B6CD27CDC3B70011E829 /* BgCellConfiguration.swift */; };
		2A69B6D127CE106C0011E829 /* GanttChartItemCell.swift in Sources */ = {isa = PBXBuildFile; fileRef = 2A69B6D027CE106C0011E829 /* GanttChartItemCell.swift */; };
		2A69B6D227CE106C0011E829 /* GanttChartItemCell.swift in Sources */ = {isa = PBXBuildFile; fileRef = 2A69B6D027CE106C0011E829 /* GanttChartItemCell.swift */; };
		2A69B6D427CE45500011E829 /* GanttChartTypes.swift in Sources */ = {isa = PBXBuildFile; fileRef = 2A69B6D327CE45500011E829 /* GanttChartTypes.swift */; };
		2A69B6D527CE45500011E829 /* GanttChartTypes.swift in Sources */ = {isa = PBXBuildFile; fileRef = 2A69B6D327CE45500011E829 /* GanttChartTypes.swift */; };
		2A69B6D727CE4AC80011E829 /* GanttChartCollectionViewLayoutAttributes.swift in Sources */ = {isa = PBXBuildFile; fileRef = 2A69B6D627CE4AC80011E829 /* GanttChartCollectionViewLayoutAttributes.swift */; };
		2A69B6D827CE4AC80011E829 /* GanttChartCollectionViewLayoutAttributes.swift in Sources */ = {isa = PBXBuildFile; fileRef = 2A69B6D627CE4AC80011E829 /* GanttChartCollectionViewLayoutAttributes.swift */; };
		2A69B6DA27CF00F60011E829 /* GanttChartItemLabelCell.swift in Sources */ = {isa = PBXBuildFile; fileRef = 2A69B6D927CF00F60011E829 /* GanttChartItemLabelCell.swift */; };
		2A69B6DB27CF00F60011E829 /* GanttChartItemLabelCell.swift in Sources */ = {isa = PBXBuildFile; fileRef = 2A69B6D927CF00F60011E829 /* GanttChartItemLabelCell.swift */; };
		2A69B6DD27CF0A040011E829 /* GanttChartCycleFrameReusableView.swift in Sources */ = {isa = PBXBuildFile; fileRef = 2A69B6DC27CF0A040011E829 /* GanttChartCycleFrameReusableView.swift */; };
		2A69B6DE27CF0A040011E829 /* GanttChartCycleFrameReusableView.swift in Sources */ = {isa = PBXBuildFile; fileRef = 2A69B6DC27CF0A040011E829 /* GanttChartCycleFrameReusableView.swift */; };
		2A69B6E127CF3C030011E829 /* Utils.swift in Sources */ = {isa = PBXBuildFile; fileRef = 2A69B6E027CF3C030011E829 /* Utils.swift */; };
		2A69B6E227CF3C030011E829 /* Utils.swift in Sources */ = {isa = PBXBuildFile; fileRef = 2A69B6E027CF3C030011E829 /* Utils.swift */; };
		2A8E497F27C4AB4400DA5A4D /* AppDelegate.swift in Sources */ = {isa = PBXBuildFile; fileRef = 2A8E497E27C4AB4400DA5A4D /* AppDelegate.swift */; };
		2A8E498127C4AB4400DA5A4D /* SceneDelegate.swift in Sources */ = {isa = PBXBuildFile; fileRef = 2A8E498027C4AB4400DA5A4D /* SceneDelegate.swift */; };
		2A8E498827C4AB4500DA5A4D /* Assets.xcassets in Resources */ = {isa = PBXBuildFile; fileRef = 2A8E498727C4AB4500DA5A4D /* Assets.xcassets */; };
		2A8E498B27C4AB4500DA5A4D /* LaunchScreen.storyboard in Resources */ = {isa = PBXBuildFile; fileRef = 2A8E498927C4AB4500DA5A4D /* LaunchScreen.storyboard */; };
		2AAB959E27CF3E070049F040 /* GanttChartItemPreviewView.swift in Sources */ = {isa = PBXBuildFile; fileRef = 2AAB959D27CF3E070049F040 /* GanttChartItemPreviewView.swift */; };
		2AAB95A027CFAA970049F040 /* GanttChartCollectionView.swift in Sources */ = {isa = PBXBuildFile; fileRef = 2AAB959F27CFAA970049F040 /* GanttChartCollectionView.swift */; };
		2AAB95A327CFADD70049F040 /* GanttChartCollectionView+Delegate.swift in Sources */ = {isa = PBXBuildFile; fileRef = 2AAB95A227CFADD70049F040 /* GanttChartCollectionView+Delegate.swift */; };
/* End PBXBuildFile section */

/* Begin PBXContainerItemProxy section */
		2A69B6BA27CC5FBB0011E829 /* PBXContainerItemProxy */ = {
			isa = PBXContainerItemProxy;
			containerPortal = 2A8E497327C4AB4400DA5A4D /* Project object */;
			proxyType = 1;
			remoteGlobalIDString = 2A8E497A27C4AB4400DA5A4D;
			remoteInfo = "gantt-test";
		};
/* End PBXContainerItemProxy section */

/* Begin PBXFileReference section */
		2A69B6B027C886EC0011E829 /* CalendarModel.swift */ = {isa = PBXFileReference; lastKnownFileType = sourcecode.swift; path = CalendarModel.swift; sourceTree = "<group>"; };
		2A69B6B627CC5FBB0011E829 /* gantt-test Tests.xctest */ = {isa = PBXFileReference; explicitFileType = wrapper.cfbundle; includeInIndex = 0; path = "gantt-test Tests.xctest"; sourceTree = BUILT_PRODUCTS_DIR; };
		2A69B6B827CC5FBB0011E829 /* gantt_test_Tests.swift */ = {isa = PBXFileReference; lastKnownFileType = sourcecode.swift; path = gantt_test_Tests.swift; sourceTree = "<group>"; };
		2A69B6BF27CC822C0011E829 /* GanttChartConfiguration.swift */ = {isa = PBXFileReference; lastKnownFileType = sourcecode.swift; path = GanttChartConfiguration.swift; sourceTree = "<group>"; };
		2A69B6C227CCA2580011E829 /* GanttCollectionViewLayout.swift */ = {isa = PBXFileReference; lastKnownFileType = sourcecode.swift; path = GanttCollectionViewLayout.swift; sourceTree = "<group>"; };
		2A69B6C627CCF3760011E829 /* GanttCollectionViewController.swift */ = {isa = PBXFileReference; lastKnownFileType = sourcecode.swift; path = GanttCollectionViewController.swift; sourceTree = "<group>"; };
		2A69B6CA27CD0A620011E829 /* FixedHeaderCellConfiguration.swift */ = {isa = PBXFileReference; lastKnownFileType = sourcecode.swift; path = FixedHeaderCellConfiguration.swift; sourceTree = "<group>"; };
		2A69B6CD27CDC3B70011E829 /* BgCellConfiguration.swift */ = {isa = PBXFileReference; lastKnownFileType = sourcecode.swift; path = BgCellConfiguration.swift; sourceTree = "<group>"; };
		2A69B6D027CE106C0011E829 /* GanttChartItemCell.swift */ = {isa = PBXFileReference; lastKnownFileType = sourcecode.swift; path = GanttChartItemCell.swift; sourceTree = "<group>"; };
		2A69B6D327CE45500011E829 /* GanttChartTypes.swift */ = {isa = PBXFileReference; lastKnownFileType = sourcecode.swift; path = GanttChartTypes.swift; sourceTree = "<group>"; };
		2A69B6D627CE4AC80011E829 /* GanttChartCollectionViewLayoutAttributes.swift */ = {isa = PBXFileReference; lastKnownFileType = sourcecode.swift; path = GanttChartCollectionViewLayoutAttributes.swift; sourceTree = "<group>"; };
		2A69B6D927CF00F60011E829 /* GanttChartItemLabelCell.swift */ = {isa = PBXFileReference; lastKnownFileType = sourcecode.swift; path = GanttChartItemLabelCell.swift; sourceTree = "<group>"; };
		2A69B6DC27CF0A040011E829 /* GanttChartCycleFrameReusableView.swift */ = {isa = PBXFileReference; lastKnownFileType = sourcecode.swift; path = GanttChartCycleFrameReusableView.swift; sourceTree = "<group>"; };
		2A69B6E027CF3C030011E829 /* Utils.swift */ = {isa = PBXFileReference; lastKnownFileType = sourcecode.swift; path = Utils.swift; sourceTree = "<group>"; };
		2A8E497B27C4AB4400DA5A4D /* gantt-test.app */ = {isa = PBXFileReference; explicitFileType = wrapper.application; includeInIndex = 0; path = "gantt-test.app"; sourceTree = BUILT_PRODUCTS_DIR; };
		2A8E497E27C4AB4400DA5A4D /* AppDelegate.swift */ = {isa = PBXFileReference; lastKnownFileType = sourcecode.swift; path = AppDelegate.swift; sourceTree = "<group>"; };
		2A8E498027C4AB4400DA5A4D /* SceneDelegate.swift */ = {isa = PBXFileReference; lastKnownFileType = sourcecode.swift; path = SceneDelegate.swift; sourceTree = "<group>"; };
		2A8E498727C4AB4500DA5A4D /* Assets.xcassets */ = {isa = PBXFileReference; lastKnownFileType = folder.assetcatalog; path = Assets.xcassets; sourceTree = "<group>"; };
		2A8E498A27C4AB4500DA5A4D /* Base */ = {isa = PBXFileReference; lastKnownFileType = file.storyboard; name = Base; path = Base.lproj/LaunchScreen.storyboard; sourceTree = "<group>"; };
		2A8E498C27C4AB4500DA5A4D /* Info.plist */ = {isa = PBXFileReference; lastKnownFileType = text.plist.xml; path = Info.plist; sourceTree = "<group>"; };
		2AAB959D27CF3E070049F040 /* GanttChartItemPreviewView.swift */ = {isa = PBXFileReference; lastKnownFileType = sourcecode.swift; path = GanttChartItemPreviewView.swift; sourceTree = "<group>"; };
		2AAB959F27CFAA970049F040 /* GanttChartCollectionView.swift */ = {isa = PBXFileReference; lastKnownFileType = sourcecode.swift; path = GanttChartCollectionView.swift; sourceTree = "<group>"; };
		2AAB95A227CFADD70049F040 /* GanttChartCollectionView+Delegate.swift */ = {isa = PBXFileReference; lastKnownFileType = sourcecode.swift; path = "GanttChartCollectionView+Delegate.swift"; sourceTree = "<group>"; };
/* End PBXFileReference section */

/* Begin PBXFrameworksBuildPhase section */
		2A69B6B327CC5FBB0011E829 /* Frameworks */ = {
			isa = PBXFrameworksBuildPhase;
			buildActionMask = 2147483647;
			files = (
			);
			runOnlyForDeploymentPostprocessing = 0;
		};
		2A8E497827C4AB4400DA5A4D /* Frameworks */ = {
			isa = PBXFrameworksBuildPhase;
			buildActionMask = 2147483647;
			files = (
			);
			runOnlyForDeploymentPostprocessing = 0;
		};
/* End PBXFrameworksBuildPhase section */

/* Begin PBXGroup section */
		2A69B6B727CC5FBB0011E829 /* gantt-test Tests */ = {
			isa = PBXGroup;
			children = (
				2A69B6B827CC5FBB0011E829 /* gantt_test_Tests.swift */,
			);
			path = "gantt-test Tests";
			sourceTree = "<group>";
		};
		2A69B6C927CD0A4D0011E829 /* Cells */ = {
			isa = PBXGroup;
			children = (
				2A69B6CA27CD0A620011E829 /* FixedHeaderCellConfiguration.swift */,
				2A69B6CD27CDC3B70011E829 /* BgCellConfiguration.swift */,
				2A69B6D027CE106C0011E829 /* GanttChartItemCell.swift */,
				2A69B6D927CF00F60011E829 /* GanttChartItemLabelCell.swift */,
				2A69B6DC27CF0A040011E829 /* GanttChartCycleFrameReusableView.swift */,
			);
			path = Cells;
			sourceTree = "<group>";
		};
		2A69B6DF27CF3BD50011E829 /* SupportingFiles */ = {
			isa = PBXGroup;
			children = (
				2A8E497E27C4AB4400DA5A4D /* AppDelegate.swift */,
				2A8E498027C4AB4400DA5A4D /* SceneDelegate.swift */,
				2A8E498927C4AB4500DA5A4D /* LaunchScreen.storyboard */,
				2A8E498727C4AB4500DA5A4D /* Assets.xcassets */,
			);
			path = SupportingFiles;
			sourceTree = "<group>";
		};
		2A8E497227C4AB4400DA5A4D = {
			isa = PBXGroup;
			children = (
				2A8E497D27C4AB4400DA5A4D /* gantt-test */,
				2A69B6B727CC5FBB0011E829 /* gantt-test Tests */,
				2A8E497C27C4AB4400DA5A4D /* Products */,
			);
			sourceTree = "<group>";
		};
		2A8E497C27C4AB4400DA5A4D /* Products */ = {
			isa = PBXGroup;
			children = (
				2A8E497B27C4AB4400DA5A4D /* gantt-test.app */,
				2A69B6B627CC5FBB0011E829 /* gantt-test Tests.xctest */,
			);
			name = Products;
			sourceTree = "<group>";
		};
		2A8E497D27C4AB4400DA5A4D /* gantt-test */ = {
			isa = PBXGroup;
			children = (
				2AAB95A127CFAD830049F040 /* GanttChartCollectionView */,
				2A69B6B027C886EC0011E829 /* CalendarModel.swift */,
				2A69B6D627CE4AC80011E829 /* GanttChartCollectionViewLayoutAttributes.swift */,
				2A69B6BF27CC822C0011E829 /* GanttChartConfiguration.swift */,
				2A69B6D327CE45500011E829 /* GanttChartTypes.swift */,
				2A69B6C627CCF3760011E829 /* GanttCollectionViewController.swift */,
				2A69B6C227CCA2580011E829 /* GanttCollectionViewLayout.swift */,
				2AAB959D27CF3E070049F040 /* GanttChartItemPreviewView.swift */,
				2A69B6E027CF3C030011E829 /* Utils.swift */,
				2A8E498C27C4AB4500DA5A4D /* Info.plist */,
				2A69B6C927CD0A4D0011E829 /* Cells */,
				2A69B6DF27CF3BD50011E829 /* SupportingFiles */,
			);
			path = "gantt-test";
			sourceTree = "<group>";
		};
		2AAB95A127CFAD830049F040 /* GanttChartCollectionView */ = {
			isa = PBXGroup;
			children = (
				2AAB959F27CFAA970049F040 /* GanttChartCollectionView.swift */,
				2AAB95A227CFADD70049F040 /* GanttChartCollectionView+Delegate.swift */,
			);
			path = GanttChartCollectionView;
			sourceTree = "<group>";
		};
/* End PBXGroup section */

/* Begin PBXNativeTarget section */
		2A69B6B527CC5FBB0011E829 /* gantt-test Tests */ = {
			isa = PBXNativeTarget;
			buildConfigurationList = 2A69B6BC27CC5FBB0011E829 /* Build configuration list for PBXNativeTarget "gantt-test Tests" */;
			buildPhases = (
				2A69B6B227CC5FBB0011E829 /* Sources */,
				2A69B6B327CC5FBB0011E829 /* Frameworks */,
				2A69B6B427CC5FBB0011E829 /* Resources */,
			);
			buildRules = (
			);
			dependencies = (
				2A69B6BB27CC5FBB0011E829 /* PBXTargetDependency */,
			);
			name = "gantt-test Tests";
			productName = "gantt-test Tests";
			productReference = 2A69B6B627CC5FBB0011E829 /* gantt-test Tests.xctest */;
			productType = "com.apple.product-type.bundle.unit-test";
		};
		2A8E497A27C4AB4400DA5A4D /* gantt-test */ = {
			isa = PBXNativeTarget;
			buildConfigurationList = 2A8E498F27C4AB4500DA5A4D /* Build configuration list for PBXNativeTarget "gantt-test" */;
			buildPhases = (
				2A8E497727C4AB4400DA5A4D /* Sources */,
				2A8E497827C4AB4400DA5A4D /* Frameworks */,
				2A8E497927C4AB4400DA5A4D /* Resources */,
			);
			buildRules = (
			);
			dependencies = (
			);
			name = "gantt-test";
			productName = "gantt-test";
			productReference = 2A8E497B27C4AB4400DA5A4D /* gantt-test.app */;
			productType = "com.apple.product-type.application";
		};
/* End PBXNativeTarget section */

/* Begin PBXProject section */
		2A8E497327C4AB4400DA5A4D /* Project object */ = {
			isa = PBXProject;
			attributes = {
				BuildIndependentTargetsInParallel = 1;
				LastSwiftUpdateCheck = 1320;
				LastUpgradeCheck = 1320;
				TargetAttributes = {
					2A69B6B527CC5FBB0011E829 = {
						CreatedOnToolsVersion = 13.2;
						TestTargetID = 2A8E497A27C4AB4400DA5A4D;
					};
					2A8E497A27C4AB4400DA5A4D = {
						CreatedOnToolsVersion = 13.2;
					};
				};
			};
			buildConfigurationList = 2A8E497627C4AB4400DA5A4D /* Build configuration list for PBXProject "gantt-test" */;
			compatibilityVersion = "Xcode 13.0";
			developmentRegion = en;
			hasScannedForEncodings = 0;
			knownRegions = (
				en,
				Base,
			);
			mainGroup = 2A8E497227C4AB4400DA5A4D;
			productRefGroup = 2A8E497C27C4AB4400DA5A4D /* Products */;
			projectDirPath = "";
			projectRoot = "";
			targets = (
				2A8E497A27C4AB4400DA5A4D /* gantt-test */,
				2A69B6B527CC5FBB0011E829 /* gantt-test Tests */,
			);
		};
/* End PBXProject section */

/* Begin PBXResourcesBuildPhase section */
		2A69B6B427CC5FBB0011E829 /* Resources */ = {
			isa = PBXResourcesBuildPhase;
			buildActionMask = 2147483647;
			files = (
			);
			runOnlyForDeploymentPostprocessing = 0;
		};
		2A8E497927C4AB4400DA5A4D /* Resources */ = {
			isa = PBXResourcesBuildPhase;
			buildActionMask = 2147483647;
			files = (
				2A8E498B27C4AB4500DA5A4D /* LaunchScreen.storyboard in Resources */,
				2A8E498827C4AB4500DA5A4D /* Assets.xcassets in Resources */,
			);
			runOnlyForDeploymentPostprocessing = 0;
		};
/* End PBXResourcesBuildPhase section */

/* Begin PBXSourcesBuildPhase section */
		2A69B6B227CC5FBB0011E829 /* Sources */ = {
			isa = PBXSourcesBuildPhase;
			buildActionMask = 2147483647;
			files = (
				2A69B6C827CCF3760011E829 /* GanttCollectionViewController.swift in Sources */,
				2A69B6D827CE4AC80011E829 /* GanttChartCollectionViewLayoutAttributes.swift in Sources */,
				2A69B6DE27CF0A040011E829 /* GanttChartCycleFrameReusableView.swift in Sources */,
				2A69B6CF27CDC3B70011E829 /* BgCellConfiguration.swift in Sources */,
				2A69B6D227CE106C0011E829 /* GanttChartItemCell.swift in Sources */,
				2A69B6E227CF3C030011E829 /* Utils.swift in Sources */,
				2A69B6D527CE45500011E829 /* GanttChartTypes.swift in Sources */,
				2A69B6DB27CF00F60011E829 /* GanttChartItemLabelCell.swift in Sources */,
				2A69B6C127CC822C0011E829 /* GanttChartConfiguration.swift in Sources */,
				2A69B6C527CCB1C40011E829 /* CalendarModel.swift in Sources */,
				2A69B6C427CCA2580011E829 /* GanttCollectionViewLayout.swift in Sources */,
				2A69B6CC27CD0A620011E829 /* FixedHeaderCellConfiguration.swift in Sources */,
				2A69B6B927CC5FBB0011E829 /* gantt_test_Tests.swift in Sources */,
			);
			runOnlyForDeploymentPostprocessing = 0;
		};
		2A8E497727C4AB4400DA5A4D /* Sources */ = {
			isa = PBXSourcesBuildPhase;
			buildActionMask = 2147483647;
			files = (
				2AAB95A027CFAA970049F040 /* GanttChartCollectionView.swift in Sources */,
				2A69B6C027CC822C0011E829 /* GanttChartConfiguration.swift in Sources */,
				2A69B6B127C886EC0011E829 /* CalendarModel.swift in Sources */,
				2A69B6C327CCA2580011E829 /* GanttCollectionViewLayout.swift in Sources */,
				2A8E497F27C4AB4400DA5A4D /* AppDelegate.swift in Sources */,
				2A69B6E127CF3C030011E829 /* Utils.swift in Sources */,
				2AAB95A327CFADD70049F040 /* GanttChartCollectionView+Delegate.swift in Sources */,
				2AAB959E27CF3E070049F040 /* GanttChartItemPreviewView.swift in Sources */,
				2A69B6D127CE106C0011E829 /* GanttChartItemCell.swift in Sources */,
				2A8E498127C4AB4400DA5A4D /* SceneDelegate.swift in Sources */,
				2A69B6CB27CD0A620011E829 /* FixedHeaderCellConfiguration.swift in Sources */,
				2A69B6D427CE45500011E829 /* GanttChartTypes.swift in Sources */,
				2A69B6C727CCF3760011E829 /* GanttCollectionViewController.swift in Sources */,
				2A69B6DD27CF0A040011E829 /* GanttChartCycleFrameReusableView.swift in Sources */,
				2A69B6CE27CDC3B70011E829 /* BgCellConfiguration.swift in Sources */,
				2A69B6D727CE4AC80011E829 /* GanttChartCollectionViewLayoutAttributes.swift in Sources */,
				2A69B6DA27CF00F60011E829 /* GanttChartItemLabelCell.swift in Sources */,
			);
			runOnlyForDeploymentPostprocessing = 0;
		};
/* End PBXSourcesBuildPhase section */

/* Begin PBXTargetDependency section */
		2A69B6BB27CC5FBB0011E829 /* PBXTargetDependency */ = {
			isa = PBXTargetDependency;
			target = 2A8E497A27C4AB4400DA5A4D /* gantt-test */;
			targetProxy = 2A69B6BA27CC5FBB0011E829 /* PBXContainerItemProxy */;
		};
/* End PBXTargetDependency section */

/* Begin PBXVariantGroup section */
		2A8E498927C4AB4500DA5A4D /* LaunchScreen.storyboard */ = {
			isa = PBXVariantGroup;
			children = (
				2A8E498A27C4AB4500DA5A4D /* Base */,
			);
			name = LaunchScreen.storyboard;
			sourceTree = "<group>";
		};
/* End PBXVariantGroup section */

/* Begin XCBuildConfiguration section */
		2A69B6BD27CC5FBB0011E829 /* Debug */ = {
			isa = XCBuildConfiguration;
			buildSettings = {
				BUNDLE_LOADER = "$(TEST_HOST)";
				CODE_SIGN_STYLE = Automatic;
				CURRENT_PROJECT_VERSION = 1;
				DEVELOPMENT_TEAM = NND5T8LZPS;
				GENERATE_INFOPLIST_FILE = YES;
				MARKETING_VERSION = 1.0;
				PRODUCT_BUNDLE_IDENTIFIER = "com.kai.test.dev.gantt.gantt-test-Tests";
				PRODUCT_NAME = "$(TARGET_NAME)";
				SWIFT_EMIT_LOC_STRINGS = NO;
				SWIFT_VERSION = 5.0;
				TARGETED_DEVICE_FAMILY = "1,2";
				TEST_HOST = "$(BUILT_PRODUCTS_DIR)/gantt-test.app/gantt-test";
			};
			name = Debug;
		};
		2A69B6BE27CC5FBB0011E829 /* Release */ = {
			isa = XCBuildConfiguration;
			buildSettings = {
				BUNDLE_LOADER = "$(TEST_HOST)";
				CODE_SIGN_STYLE = Automatic;
				CURRENT_PROJECT_VERSION = 1;
				DEVELOPMENT_TEAM = NND5T8LZPS;
				GENERATE_INFOPLIST_FILE = YES;
				MARKETING_VERSION = 1.0;
				PRODUCT_BUNDLE_IDENTIFIER = "com.kai.test.dev.gantt.gantt-test-Tests";
				PRODUCT_NAME = "$(TARGET_NAME)";
				SWIFT_EMIT_LOC_STRINGS = NO;
				SWIFT_VERSION = 5.0;
				TARGETED_DEVICE_FAMILY = "1,2";
				TEST_HOST = "$(BUILT_PRODUCTS_DIR)/gantt-test.app/gantt-test";
			};
			name = Release;
		};
		2A8E498D27C4AB4500DA5A4D /* Debug */ = {
			isa = XCBuildConfiguration;
			buildSettings = {
				ALWAYS_SEARCH_USER_PATHS = NO;
				CLANG_ANALYZER_NONNULL = YES;
				CLANG_ANALYZER_NUMBER_OBJECT_CONVERSION = YES_AGGRESSIVE;
				CLANG_CXX_LANGUAGE_STANDARD = "gnu++17";
				CLANG_CXX_LIBRARY = "libc++";
				CLANG_ENABLE_MODULES = YES;
				CLANG_ENABLE_OBJC_ARC = YES;
				CLANG_ENABLE_OBJC_WEAK = YES;
				CLANG_WARN_BLOCK_CAPTURE_AUTORELEASING = YES;
				CLANG_WARN_BOOL_CONVERSION = YES;
				CLANG_WARN_COMMA = YES;
				CLANG_WARN_CONSTANT_CONVERSION = YES;
				CLANG_WARN_DEPRECATED_OBJC_IMPLEMENTATIONS = YES;
				CLANG_WARN_DIRECT_OBJC_ISA_USAGE = YES_ERROR;
				CLANG_WARN_DOCUMENTATION_COMMENTS = YES;
				CLANG_WARN_EMPTY_BODY = YES;
				CLANG_WARN_ENUM_CONVERSION = YES;
				CLANG_WARN_INFINITE_RECURSION = YES;
				CLANG_WARN_INT_CONVERSION = YES;
				CLANG_WARN_NON_LITERAL_NULL_CONVERSION = YES;
				CLANG_WARN_OBJC_IMPLICIT_RETAIN_SELF = YES;
				CLANG_WARN_OBJC_LITERAL_CONVERSION = YES;
				CLANG_WARN_OBJC_ROOT_CLASS = YES_ERROR;
				CLANG_WARN_QUOTED_INCLUDE_IN_FRAMEWORK_HEADER = YES;
				CLANG_WARN_RANGE_LOOP_ANALYSIS = YES;
				CLANG_WARN_STRICT_PROTOTYPES = YES;
				CLANG_WARN_SUSPICIOUS_MOVE = YES;
				CLANG_WARN_UNGUARDED_AVAILABILITY = YES_AGGRESSIVE;
				CLANG_WARN_UNREACHABLE_CODE = YES;
				CLANG_WARN__DUPLICATE_METHOD_MATCH = YES;
				COPY_PHASE_STRIP = NO;
				DEBUG_INFORMATION_FORMAT = dwarf;
				ENABLE_STRICT_OBJC_MSGSEND = YES;
				ENABLE_TESTABILITY = YES;
				GCC_C_LANGUAGE_STANDARD = gnu11;
				GCC_DYNAMIC_NO_PIC = NO;
				GCC_NO_COMMON_BLOCKS = YES;
				GCC_OPTIMIZATION_LEVEL = 0;
				GCC_PREPROCESSOR_DEFINITIONS = (
					"DEBUG=1",
					"$(inherited)",
				);
				GCC_WARN_64_TO_32_BIT_CONVERSION = YES;
				GCC_WARN_ABOUT_RETURN_TYPE = YES_ERROR;
				GCC_WARN_UNDECLARED_SELECTOR = YES;
				GCC_WARN_UNINITIALIZED_AUTOS = YES_AGGRESSIVE;
				GCC_WARN_UNUSED_FUNCTION = YES;
				GCC_WARN_UNUSED_VARIABLE = YES;
				IPHONEOS_DEPLOYMENT_TARGET = 15.2;
				MTL_ENABLE_DEBUG_INFO = INCLUDE_SOURCE;
				MTL_FAST_MATH = YES;
				ONLY_ACTIVE_ARCH = YES;
				SDKROOT = iphoneos;
				SWIFT_ACTIVE_COMPILATION_CONDITIONS = DEBUG;
				SWIFT_OPTIMIZATION_LEVEL = "-Onone";
			};
			name = Debug;
		};
		2A8E498E27C4AB4500DA5A4D /* Release */ = {
			isa = XCBuildConfiguration;
			buildSettings = {
				ALWAYS_SEARCH_USER_PATHS = NO;
				CLANG_ANALYZER_NONNULL = YES;
				CLANG_ANALYZER_NUMBER_OBJECT_CONVERSION = YES_AGGRESSIVE;
				CLANG_CXX_LANGUAGE_STANDARD = "gnu++17";
				CLANG_CXX_LIBRARY = "libc++";
				CLANG_ENABLE_MODULES = YES;
				CLANG_ENABLE_OBJC_ARC = YES;
				CLANG_ENABLE_OBJC_WEAK = YES;
				CLANG_WARN_BLOCK_CAPTURE_AUTORELEASING = YES;
				CLANG_WARN_BOOL_CONVERSION = YES;
				CLANG_WARN_COMMA = YES;
				CLANG_WARN_CONSTANT_CONVERSION = YES;
				CLANG_WARN_DEPRECATED_OBJC_IMPLEMENTATIONS = YES;
				CLANG_WARN_DIRECT_OBJC_ISA_USAGE = YES_ERROR;
				CLANG_WARN_DOCUMENTATION_COMMENTS = YES;
				CLANG_WARN_EMPTY_BODY = YES;
				CLANG_WARN_ENUM_CONVERSION = YES;
				CLANG_WARN_INFINITE_RECURSION = YES;
				CLANG_WARN_INT_CONVERSION = YES;
				CLANG_WARN_NON_LITERAL_NULL_CONVERSION = YES;
				CLANG_WARN_OBJC_IMPLICIT_RETAIN_SELF = YES;
				CLANG_WARN_OBJC_LITERAL_CONVERSION = YES;
				CLANG_WARN_OBJC_ROOT_CLASS = YES_ERROR;
				CLANG_WARN_QUOTED_INCLUDE_IN_FRAMEWORK_HEADER = YES;
				CLANG_WARN_RANGE_LOOP_ANALYSIS = YES;
				CLANG_WARN_STRICT_PROTOTYPES = YES;
				CLANG_WARN_SUSPICIOUS_MOVE = YES;
				CLANG_WARN_UNGUARDED_AVAILABILITY = YES_AGGRESSIVE;
				CLANG_WARN_UNREACHABLE_CODE = YES;
				CLANG_WARN__DUPLICATE_METHOD_MATCH = YES;
				COPY_PHASE_STRIP = NO;
				DEBUG_INFORMATION_FORMAT = "dwarf-with-dsym";
				ENABLE_NS_ASSERTIONS = NO;
				ENABLE_STRICT_OBJC_MSGSEND = YES;
				GCC_C_LANGUAGE_STANDARD = gnu11;
				GCC_NO_COMMON_BLOCKS = YES;
				GCC_WARN_64_TO_32_BIT_CONVERSION = YES;
				GCC_WARN_ABOUT_RETURN_TYPE = YES_ERROR;
				GCC_WARN_UNDECLARED_SELECTOR = YES;
				GCC_WARN_UNINITIALIZED_AUTOS = YES_AGGRESSIVE;
				GCC_WARN_UNUSED_FUNCTION = YES;
				GCC_WARN_UNUSED_VARIABLE = YES;
				IPHONEOS_DEPLOYMENT_TARGET = 15.2;
				MTL_ENABLE_DEBUG_INFO = NO;
				MTL_FAST_MATH = YES;
				SDKROOT = iphoneos;
				SWIFT_COMPILATION_MODE = wholemodule;
				SWIFT_OPTIMIZATION_LEVEL = "-O";
				VALIDATE_PRODUCT = YES;
			};
			name = Release;
		};
		2A8E499027C4AB4500DA5A4D /* Debug */ = {
			isa = XCBuildConfiguration;
			buildSettings = {
				ASSETCATALOG_COMPILER_APPICON_NAME = AppIcon;
				ASSETCATALOG_COMPILER_GLOBAL_ACCENT_COLOR_NAME = AccentColor;
				CODE_SIGN_STYLE = Automatic;
				CURRENT_PROJECT_VERSION = 1;
				DEVELOPMENT_TEAM = NND5T8LZPS;
				GENERATE_INFOPLIST_FILE = YES;
				INFOPLIST_FILE = "gantt-test/Info.plist";
				INFOPLIST_KEY_UIApplicationSupportsIndirectInputEvents = YES;
				INFOPLIST_KEY_UILaunchStoryboardName = LaunchScreen;
				INFOPLIST_KEY_UIMainStoryboardFile = "";
				INFOPLIST_KEY_UISupportedInterfaceOrientations_iPad = "UIInterfaceOrientationPortrait UIInterfaceOrientationPortraitUpsideDown UIInterfaceOrientationLandscapeLeft UIInterfaceOrientationLandscapeRight";
				INFOPLIST_KEY_UISupportedInterfaceOrientations_iPhone = "UIInterfaceOrientationPortrait UIInterfaceOrientationLandscapeLeft UIInterfaceOrientationLandscapeRight";
				LD_RUNPATH_SEARCH_PATHS = (
					"$(inherited)",
					"@executable_path/Frameworks",
				);
				MARKETING_VERSION = 1.0;
				PRODUCT_BUNDLE_IDENTIFIER = "com.kai.test.dev.gantt.gantt-test";
				PRODUCT_NAME = "$(TARGET_NAME)";
				SWIFT_EMIT_LOC_STRINGS = YES;
				SWIFT_VERSION = 5.0;
				TARGETED_DEVICE_FAMILY = "1,2";
			};
			name = Debug;
		};
		2A8E499127C4AB4500DA5A4D /* Release */ = {
			isa = XCBuildConfiguration;
			buildSettings = {
				ASSETCATALOG_COMPILER_APPICON_NAME = AppIcon;
				ASSETCATALOG_COMPILER_GLOBAL_ACCENT_COLOR_NAME = AccentColor;
				CODE_SIGN_STYLE = Automatic;
				CURRENT_PROJECT_VERSION = 1;
				DEVELOPMENT_TEAM = NND5T8LZPS;
				GENERATE_INFOPLIST_FILE = YES;
				INFOPLIST_FILE = "gantt-test/Info.plist";
				INFOPLIST_KEY_UIApplicationSupportsIndirectInputEvents = YES;
				INFOPLIST_KEY_UILaunchStoryboardName = LaunchScreen;
				INFOPLIST_KEY_UIMainStoryboardFile = "";
				INFOPLIST_KEY_UISupportedInterfaceOrientations_iPad = "UIInterfaceOrientationPortrait UIInterfaceOrientationPortraitUpsideDown UIInterfaceOrientationLandscapeLeft UIInterfaceOrientationLandscapeRight";
				INFOPLIST_KEY_UISupportedInterfaceOrientations_iPhone = "UIInterfaceOrientationPortrait UIInterfaceOrientationLandscapeLeft UIInterfaceOrientationLandscapeRight";
				LD_RUNPATH_SEARCH_PATHS = (
					"$(inherited)",
					"@executable_path/Frameworks",
				);
				MARKETING_VERSION = 1.0;
				PRODUCT_BUNDLE_IDENTIFIER = "com.kai.test.dev.gantt.gantt-test";
				PRODUCT_NAME = "$(TARGET_NAME)";
				SWIFT_EMIT_LOC_STRINGS = YES;
				SWIFT_VERSION = 5.0;
				TARGETED_DEVICE_FAMILY = "1,2";
			};
			name = Release;
		};
/* End XCBuildConfiguration section */

/* Begin XCConfigurationList section */
		2A69B6BC27CC5FBB0011E829 /* Build configuration list for PBXNativeTarget "gantt-test Tests" */ = {
			isa = XCConfigurationList;
			buildConfigurations = (
				2A69B6BD27CC5FBB0011E829 /* Debug */,
				2A69B6BE27CC5FBB0011E829 /* Release */,
			);
			defaultConfigurationIsVisible = 0;
			defaultConfigurationName = Release;
		};
		2A8E497627C4AB4400DA5A4D /* Build configuration list for PBXProject "gantt-test" */ = {
			isa = XCConfigurationList;
			buildConfigurations = (
				2A8E498D27C4AB4500DA5A4D /* Debug */,
				2A8E498E27C4AB4500DA5A4D /* Release */,
			);
			defaultConfigurationIsVisible = 0;
			defaultConfigurationName = Release;
		};
		2A8E498F27C4AB4500DA5A4D /* Build configuration list for PBXNativeTarget "gantt-test" */ = {
			isa = XCConfigurationList;
			buildConfigurations = (
				2A8E499027C4AB4500DA5A4D /* Debug */,
				2A8E499127C4AB4500DA5A4D /* Release */,
			);
			defaultConfigurationIsVisible = 0;
			defaultConfigurationName = Release;
		};
/* End XCConfigurationList section */
	};
	rootObject = 2A8E497327C4AB4400DA5A4D /* Project object */;
}
